
Microsoft Visual Studio Solution File, Format Version 12.00
# Visual Studio Version 17
VisualStudioVersion = 17.3.32922.545
MinimumVisualStudioVersion = 10.0.40219.1
Project("{9A19103F-16F7-4668-BE54-9A1E7A4F7556}") = "1.List", "1.List\1.List.csproj", "{0D3A0769-6F0C-444D-8ACC-DFCD63AC8BEB}"
EndProject
Project("{9A19103F-16F7-4668-BE54-9A1E7A4F7556}") = "0.Intro", "0.Intro\0.Intro.csproj", "{4E0EEA27-6A53-4968-B5CE-13B32BEE2BEE}"
EndProject
Project("{FAE04EC0-301F-11D3-BF4B-00C04F79EFBC}") = "2.LinkedList", "2.LinkedList\2.LinkedList.csproj", "{3D1550B2-9C2C-48EF-B02F-17D930D22390}"
EndProject
Global
	GlobalSection(SolutionConfigurationPlatforms) = preSolution
		Debug|Any CPU = Debug|Any CPU
		Release|Any CPU = Release|Any CPU
	EndGlobalSection
	GlobalSection(ProjectConfigurationPlatforms) = postSolution
		{0D3A0769-6F0C-444D-8ACC-DFCD63AC8BEB}.Debug|Any CPU.ActiveCfg = Debug|Any CPU
		{0D3A0769-6F0C-444D-8ACC-DFCD63AC8BEB}.Debug|Any CPU.Build.0 = Debug|Any CPU
		{0D3A0769-6F0C-444D-8ACC-DFCD63AC8BEB}.Release|Any CPU.ActiveCfg = Release|Any CPU
		{0D3A0769-6F0C-444D-8ACC-DFCD63AC8BEB}.Release|Any CPU.Build.0 = Release|Any CPU
		{4E0EEA27-6A53-4968-B5CE-13B32BEE2BEE}.Debug|Any CPU.ActiveCfg = Debug|Any CPU
		{4E0EEA27-6A53-4968-B5CE-13B32BEE2BEE}.Debug|Any CPU.Build.0 = Debug|Any CPU
		{4E0EEA27-6A53-4968-B5CE-13B32BEE2BEE}.Release|Any CPU.ActiveCfg = Release|Any CPU
		{4E0EEA27-6A53-4968-B5CE-13B32BEE2BEE}.Release|Any CPU.Build.0 = Release|Any CPU
		{3D1550B2-9C2C-48EF-B02F-17D930D22390}.Debug|Any CPU.ActiveCfg = Debug|Any CPU
		{3D1550B2-9C2C-48EF-B02F-17D930D22390}.Debug|Any CPU.Build.0 = Debug|Any CPU
		{3D1550B2-9C2C-48EF-B02F-17D930D22390}.Release|Any CPU.ActiveCfg = Release|Any CPU
		{3D1550B2-9C2C-48EF-B02F-17D930D22390}.Release|Any CPU.Build.0 = Release|Any CPU
	EndGlobalSection
	GlobalSection(SolutionProperties) = preSolution
		HideSolutionNode = FALSE
	EndGlobalSection
	GlobalSection(ExtensibilityGlobals) = postSolution
		SolutionGuid = {9740028B-59AA-4594-A7A3-243B304A5227}
	EndGlobalSection
EndGlobal
