
Microsoft Visual Studio Solution File, Format Version 12.00
# Visual Studio Version 17
VisualStudioVersion = 17.3.32922.545
MinimumVisualStudioVersion = 10.0.40219.1
Project("{9A19103F-16F7-4668-BE54-9A1E7A4F7556}") = "1.List", "1.List\1.List.csproj", "{0D3A0769-6F0C-444D-8ACC-DFCD63AC8BEB}"
EndProject
Project("{9A19103F-16F7-4668-BE54-9A1E7A4F7556}") = "0.Intro", "0.Intro\0.Intro.csproj", "{4E0EEA27-6A53-4968-B5CE-13B32BEE2BEE}"
EndProject
Project("{9A19103F-16F7-4668-BE54-9A1E7A4F7556}") = "2.LinkedList", "2.LinkedList\2.LinkedList.csproj", "{3D1550B2-9C2C-48EF-B02F-17D930D22390}"
EndProject
Project("{9A19103F-16F7-4668-BE54-9A1E7A4F7556}") = "3.Iterator", "3.Iterator\3.Iterator.csproj", "{EAEF2A21-0CBF-4A78-94E7-0E033968B695}"
EndProject
Project("{9A19103F-16F7-4668-BE54-9A1E7A4F7556}") = "4.StackAndQueue", "4.StackAndQueue\4.StackAndQueue.csproj", "{6A02FA89-8176-4583-A319-55B43A657DF0}"
EndProject
Project("{9A19103F-16F7-4668-BE54-9A1E7A4F7556}") = "5.Heap_PriorityQueue", "5.Heap_PriorityQueue\5.Heap_PriorityQueue.csproj", "{C657E565-1685-489C-9C86-4F618B84191E}"
EndProject
Project("{9A19103F-16F7-4668-BE54-9A1E7A4F7556}") = "6.BinarySearchTree", "6.BinarySearchTree\6.BinarySearchTree.csproj", "{3EE76863-BD57-40E5-86B7-6BDB1458CEFD}"
EndProject
Project("{9A19103F-16F7-4668-BE54-9A1E7A4F7556}") = "7.HashTable", "7.HashTable\7.HashTable.csproj", "{2DE0DFC2-7181-44B9-B2CE-C947FB61EB22}"
EndProject
Project("{FAE04EC0-301F-11D3-BF4B-00C04F79EFBC}") = "8.DesignTechniques", "8.DesignTechniques\8.DesignTechniques.csproj", "{B9CD194F-17C1-4175-A736-2C17718A4464}"
EndProject
Project("{FAE04EC0-301F-11D3-BF4B-00C04F79EFBC}") = "BackJoonTest-11729", "BackJoonTest\BackJoonTest-11729.csproj", "{66B39145-A6B1-45EB-BFC8-61EFC1A7696D}"
EndProject
Project("{2150E333-8FDC-42A3-9474-1A3956D46DE8}") = "BackJoonTest", "BackJoonTest", "{3F96722D-64E4-4366-9302-0E58C3840B00}"
EndProject
Project("{FAE04EC0-301F-11D3-BF4B-00C04F79EFBC}") = "BackJoon-15651", "BackJoon-15651\BackJoon-15651.csproj", "{BF3A3C4C-31D8-4FD1-B3F8-6D5DD2DC9CAE}"
EndProject
Global
	GlobalSection(SolutionConfigurationPlatforms) = preSolution
		Debug|Any CPU = Debug|Any CPU
		Release|Any CPU = Release|Any CPU
	EndGlobalSection
	GlobalSection(ProjectConfigurationPlatforms) = postSolution
		{0D3A0769-6F0C-444D-8ACC-DFCD63AC8BEB}.Debug|Any CPU.ActiveCfg = Debug|Any CPU
		{0D3A0769-6F0C-444D-8ACC-DFCD63AC8BEB}.Debug|Any CPU.Build.0 = Debug|Any CPU
		{0D3A0769-6F0C-444D-8ACC-DFCD63AC8BEB}.Release|Any CPU.ActiveCfg = Release|Any CPU
		{0D3A0769-6F0C-444D-8ACC-DFCD63AC8BEB}.Release|Any CPU.Build.0 = Release|Any CPU
		{4E0EEA27-6A53-4968-B5CE-13B32BEE2BEE}.Debug|Any CPU.ActiveCfg = Debug|Any CPU
		{4E0EEA27-6A53-4968-B5CE-13B32BEE2BEE}.Debug|Any CPU.Build.0 = Debug|Any CPU
		{4E0EEA27-6A53-4968-B5CE-13B32BEE2BEE}.Release|Any CPU.ActiveCfg = Release|Any CPU
		{4E0EEA27-6A53-4968-B5CE-13B32BEE2BEE}.Release|Any CPU.Build.0 = Release|Any CPU
		{3D1550B2-9C2C-48EF-B02F-17D930D22390}.Debug|Any CPU.ActiveCfg = Debug|Any CPU
		{3D1550B2-9C2C-48EF-B02F-17D930D22390}.Debug|Any CPU.Build.0 = Debug|Any CPU
		{3D1550B2-9C2C-48EF-B02F-17D930D22390}.Release|Any CPU.ActiveCfg = Release|Any CPU
		{3D1550B2-9C2C-48EF-B02F-17D930D22390}.Release|Any CPU.Build.0 = Release|Any CPU
		{EAEF2A21-0CBF-4A78-94E7-0E033968B695}.Debug|Any CPU.ActiveCfg = Debug|Any CPU
		{EAEF2A21-0CBF-4A78-94E7-0E033968B695}.Debug|Any CPU.Build.0 = Debug|Any CPU
		{EAEF2A21-0CBF-4A78-94E7-0E033968B695}.Release|Any CPU.ActiveCfg = Release|Any CPU
		{EAEF2A21-0CBF-4A78-94E7-0E033968B695}.Release|Any CPU.Build.0 = Release|Any CPU
		{6A02FA89-8176-4583-A319-55B43A657DF0}.Debug|Any CPU.ActiveCfg = Debug|Any CPU
		{6A02FA89-8176-4583-A319-55B43A657DF0}.Debug|Any CPU.Build.0 = Debug|Any CPU
		{6A02FA89-8176-4583-A319-55B43A657DF0}.Release|Any CPU.ActiveCfg = Release|Any CPU
		{6A02FA89-8176-4583-A319-55B43A657DF0}.Release|Any CPU.Build.0 = Release|Any CPU
		{C657E565-1685-489C-9C86-4F618B84191E}.Debug|Any CPU.ActiveCfg = Debug|Any CPU
		{C657E565-1685-489C-9C86-4F618B84191E}.Debug|Any CPU.Build.0 = Debug|Any CPU
		{C657E565-1685-489C-9C86-4F618B84191E}.Release|Any CPU.ActiveCfg = Release|Any CPU
		{C657E565-1685-489C-9C86-4F618B84191E}.Release|Any CPU.Build.0 = Release|Any CPU
		{3EE76863-BD57-40E5-86B7-6BDB1458CEFD}.Debug|Any CPU.ActiveCfg = Debug|Any CPU
		{3EE76863-BD57-40E5-86B7-6BDB1458CEFD}.Debug|Any CPU.Build.0 = Debug|Any CPU
		{3EE76863-BD57-40E5-86B7-6BDB1458CEFD}.Release|Any CPU.ActiveCfg = Release|Any CPU
		{3EE76863-BD57-40E5-86B7-6BDB1458CEFD}.Release|Any CPU.Build.0 = Release|Any CPU
		{2DE0DFC2-7181-44B9-B2CE-C947FB61EB22}.Debug|Any CPU.ActiveCfg = Debug|Any CPU
		{2DE0DFC2-7181-44B9-B2CE-C947FB61EB22}.Debug|Any CPU.Build.0 = Debug|Any CPU
		{2DE0DFC2-7181-44B9-B2CE-C947FB61EB22}.Release|Any CPU.ActiveCfg = Release|Any CPU
		{2DE0DFC2-7181-44B9-B2CE-C947FB61EB22}.Release|Any CPU.Build.0 = Release|Any CPU
		{B9CD194F-17C1-4175-A736-2C17718A4464}.Debug|Any CPU.ActiveCfg = Debug|Any CPU
		{B9CD194F-17C1-4175-A736-2C17718A4464}.Debug|Any CPU.Build.0 = Debug|Any CPU
		{B9CD194F-17C1-4175-A736-2C17718A4464}.Release|Any CPU.ActiveCfg = Release|Any CPU
		{B9CD194F-17C1-4175-A736-2C17718A4464}.Release|Any CPU.Build.0 = Release|Any CPU
		{66B39145-A6B1-45EB-BFC8-61EFC1A7696D}.Debug|Any CPU.ActiveCfg = Debug|Any CPU
		{66B39145-A6B1-45EB-BFC8-61EFC1A7696D}.Debug|Any CPU.Build.0 = Debug|Any CPU
		{66B39145-A6B1-45EB-BFC8-61EFC1A7696D}.Release|Any CPU.ActiveCfg = Release|Any CPU
		{66B39145-A6B1-45EB-BFC8-61EFC1A7696D}.Release|Any CPU.Build.0 = Release|Any CPU
		{BF3A3C4C-31D8-4FD1-B3F8-6D5DD2DC9CAE}.Debug|Any CPU.ActiveCfg = Debug|Any CPU
		{BF3A3C4C-31D8-4FD1-B3F8-6D5DD2DC9CAE}.Debug|Any CPU.Build.0 = Debug|Any CPU
		{BF3A3C4C-31D8-4FD1-B3F8-6D5DD2DC9CAE}.Release|Any CPU.ActiveCfg = Release|Any CPU
		{BF3A3C4C-31D8-4FD1-B3F8-6D5DD2DC9CAE}.Release|Any CPU.Build.0 = Release|Any CPU
	EndGlobalSection
	GlobalSection(SolutionProperties) = preSolution
		HideSolutionNode = FALSE
	EndGlobalSection
	GlobalSection(NestedProjects) = preSolution
		{66B39145-A6B1-45EB-BFC8-61EFC1A7696D} = {3F96722D-64E4-4366-9302-0E58C3840B00}
		{BF3A3C4C-31D8-4FD1-B3F8-6D5DD2DC9CAE} = {3F96722D-64E4-4366-9302-0E58C3840B00}
	EndGlobalSection
	GlobalSection(ExtensibilityGlobals) = postSolution
		SolutionGuid = {9740028B-59AA-4594-A7A3-243B304A5227}
	EndGlobalSection
EndGlobal
